// !$*UTF8*$!
{
	archiveVersion = 1;
	classes = {
	};
	objectVersion = 56;
	objects = {

/* Begin PBXBuildFile section */
		13176D752B3193F70093D806 /* CardInfoView.swift in Sources */ = {isa = PBXBuildFile; fileRef = 13176D742B3193F70093D806 /* CardInfoView.swift */; };
		1319EBC32B330BB500F69C0E /* nfclib.framework in Frameworks */ = {isa = PBXBuildFile; fileRef = 1319EBC22B330BB500F69C0E /* nfclib.framework */; };
		1319EBC42B330BB500F69C0E /* nfclib.framework in Embed Frameworks */ = {isa = PBXBuildFile; fileRef = 1319EBC22B330BB500F69C0E /* nfclib.framework */; settings = {ATTRIBUTES = (CodeSignOnCopy, RemoveHeadersOnCopy, ); }; };
		139195AC2AFA29CC00EDA022 /* nfc_demoApp.swift in Sources */ = {isa = PBXBuildFile; fileRef = 139195AB2AFA29CC00EDA022 /* nfc_demoApp.swift */; };
		139195AE2AFA29CC00EDA022 /* ContentView.swift in Sources */ = {isa = PBXBuildFile; fileRef = 139195AD2AFA29CC00EDA022 /* ContentView.swift */; };
		139195B02AFA29CD00EDA022 /* Assets.xcassets in Resources */ = {isa = PBXBuildFile; fileRef = 139195AF2AFA29CD00EDA022 /* Assets.xcassets */; };
		139195B32AFA29CD00EDA022 /* Preview Assets.xcassets in Resources */ = {isa = PBXBuildFile; fileRef = 139195B22AFA29CD00EDA022 /* Preview Assets.xcassets */; };
/* End PBXBuildFile section */

/* Begin PBXCopyFilesBuildPhase section */
		1319EBC52B330BB500F69C0E /* Embed Frameworks */ = {
			isa = PBXCopyFilesBuildPhase;
			buildActionMask = 2147483647;
			dstPath = "";
			dstSubfolderSpec = 10;
			files = (
				1319EBC42B330BB500F69C0E /* nfclib.framework in Embed Frameworks */,
			);
			name = "Embed Frameworks";
			runOnlyForDeploymentPostprocessing = 0;
		};
/* End PBXCopyFilesBuildPhase section */

/* Begin PBXFileReference section */
		13176D742B3193F70093D806 /* CardInfoView.swift */ = {isa = PBXFileReference; lastKnownFileType = sourcecode.swift; path = CardInfoView.swift; sourceTree = "<group>"; };
		1319EBC22B330BB500F69C0E /* nfclib.framework */ = {isa = PBXFileReference; explicitFileType = wrapper.framework; path = nfclib.framework; sourceTree = BUILT_PRODUCTS_DIR; };
		137E71132B04FAC90065282B /* Info.plist */ = {isa = PBXFileReference; lastKnownFileType = text.plist.xml; path = Info.plist; sourceTree = "<group>"; };
		139195A82AFA29CC00EDA022 /* nfc-demo.app */ = {isa = PBXFileReference; explicitFileType = wrapper.application; includeInIndex = 0; path = "nfc-demo.app"; sourceTree = BUILT_PRODUCTS_DIR; };
		139195AB2AFA29CC00EDA022 /* nfc_demoApp.swift */ = {isa = PBXFileReference; lastKnownFileType = sourcecode.swift; path = nfc_demoApp.swift; sourceTree = "<group>"; };
		139195AD2AFA29CC00EDA022 /* ContentView.swift */ = {isa = PBXFileReference; lastKnownFileType = sourcecode.swift; path = ContentView.swift; sourceTree = "<group>"; };
		139195AF2AFA29CD00EDA022 /* Assets.xcassets */ = {isa = PBXFileReference; lastKnownFileType = folder.assetcatalog; path = Assets.xcassets; sourceTree = "<group>"; };
		139195B22AFA29CD00EDA022 /* Preview Assets.xcassets */ = {isa = PBXFileReference; lastKnownFileType = folder.assetcatalog; path = "Preview Assets.xcassets"; sourceTree = "<group>"; };
		1392583F2B04B06A00AD38EA /* nfc-demo.entitlements */ = {isa = PBXFileReference; lastKnownFileType = text.plist.entitlements; path = "nfc-demo.entitlements"; sourceTree = "<group>"; };
		5A2C028B2B060E9D00C6D249 /* SkSigningLib.framework */ = {isa = PBXFileReference; explicitFileType = wrapper.framework; path = SkSigningLib.framework; sourceTree = BUILT_PRODUCTS_DIR; };
		5A9969882B03B9A4002A1060 /* nfc_lib.framework */ = {isa = PBXFileReference; explicitFileType = wrapper.framework; path = nfc_lib.framework; sourceTree = BUILT_PRODUCTS_DIR; };
/* End PBXFileReference section */

/* Begin PBXFrameworksBuildPhase section */
		139195A52AFA29CC00EDA022 /* Frameworks */ = {
			isa = PBXFrameworksBuildPhase;
			buildActionMask = 2147483647;
			files = (
				1319EBC32B330BB500F69C0E /* nfclib.framework in Frameworks */,
			);
			runOnlyForDeploymentPostprocessing = 0;
		};
/* End PBXFrameworksBuildPhase section */

/* Begin PBXGroup section */
		1391959F2AFA29CC00EDA022 = {
			isa = PBXGroup;
			children = (
				139195AA2AFA29CC00EDA022 /* nfc-demo */,
				139195A92AFA29CC00EDA022 /* Products */,
				5A9969872B03B9A4002A1060 /* Frameworks */,
			);
			sourceTree = "<group>";
		};
		139195A92AFA29CC00EDA022 /* Products */ = {
			isa = PBXGroup;
			children = (
				139195A82AFA29CC00EDA022 /* nfc-demo.app */,
			);
			name = Products;
			sourceTree = "<group>";
		};
		139195AA2AFA29CC00EDA022 /* nfc-demo */ = {
			isa = PBXGroup;
			children = (
				137E71132B04FAC90065282B /* Info.plist */,
				1392583F2B04B06A00AD38EA /* nfc-demo.entitlements */,
				139195AB2AFA29CC00EDA022 /* nfc_demoApp.swift */,
				139195AD2AFA29CC00EDA022 /* ContentView.swift */,
				13176D742B3193F70093D806 /* CardInfoView.swift */,
				139195AF2AFA29CD00EDA022 /* Assets.xcassets */,
				139195B12AFA29CD00EDA022 /* Preview Content */,
			);
			path = "nfc-demo";
			sourceTree = "<group>";
		};
		139195B12AFA29CD00EDA022 /* Preview Content */ = {
			isa = PBXGroup;
			children = (
				139195B22AFA29CD00EDA022 /* Preview Assets.xcassets */,
			);
			path = "Preview Content";
			sourceTree = "<group>";
		};
		5A9969872B03B9A4002A1060 /* Frameworks */ = {
			isa = PBXGroup;
			children = (
				1319EBC22B330BB500F69C0E /* nfclib.framework */,
				5A2C028B2B060E9D00C6D249 /* SkSigningLib.framework */,
				5A9969882B03B9A4002A1060 /* nfc_lib.framework */,
			);
			name = Frameworks;
			sourceTree = "<group>";
		};
/* End PBXGroup section */

/* Begin PBXNativeTarget section */
		139195A72AFA29CC00EDA022 /* nfc-demo */ = {
			isa = PBXNativeTarget;
			buildConfigurationList = 139195B62AFA29CD00EDA022 /* Build configuration list for PBXNativeTarget "nfc-demo" */;
			buildPhases = (
				139195A42AFA29CC00EDA022 /* Sources */,
				139195A52AFA29CC00EDA022 /* Frameworks */,
				139195A62AFA29CC00EDA022 /* Resources */,
				1319EBC52B330BB500F69C0E /* Embed Frameworks */,
			);
			buildRules = (
			);
			dependencies = (
			);
			name = "nfc-demo";
			packageProductDependencies = (
			);
			productName = "mvoting-nfc";
			productReference = 139195A82AFA29CC00EDA022 /* nfc-demo.app */;
			productType = "com.apple.product-type.application";
		};
/* End PBXNativeTarget section */

/* Begin PBXProject section */
		139195A02AFA29CC00EDA022 /* Project object */ = {
			isa = PBXProject;
			attributes = {
				BuildIndependentTargetsInParallel = 1;
				LastSwiftUpdateCheck = 1500;
				LastUpgradeCheck = 1500;
				TargetAttributes = {
					139195A72AFA29CC00EDA022 = {
						CreatedOnToolsVersion = 15.0.1;
					};
				};
			};
			buildConfigurationList = 139195A32AFA29CC00EDA022 /* Build configuration list for PBXProject "nfc-demo" */;
			compatibilityVersion = "Xcode 14.0";
			developmentRegion = en;
			hasScannedForEncodings = 0;
			knownRegions = (
				en,
				Base,
			);
			mainGroup = 1391959F2AFA29CC00EDA022;
			packageReferences = (
			);
			productRefGroup = 139195A92AFA29CC00EDA022 /* Products */;
			projectDirPath = "";
			projectRoot = "";
			targets = (
				139195A72AFA29CC00EDA022 /* nfc-demo */,
			);
		};
/* End PBXProject section */

/* Begin PBXResourcesBuildPhase section */
		139195A62AFA29CC00EDA022 /* Resources */ = {
			isa = PBXResourcesBuildPhase;
			buildActionMask = 2147483647;
			files = (
				139195B32AFA29CD00EDA022 /* Preview Assets.xcassets in Resources */,
				139195B02AFA29CD00EDA022 /* Assets.xcassets in Resources */,
			);
			runOnlyForDeploymentPostprocessing = 0;
		};
/* End PBXResourcesBuildPhase section */

/* Begin PBXSourcesBuildPhase section */
		139195A42AFA29CC00EDA022 /* Sources */ = {
			isa = PBXSourcesBuildPhase;
			buildActionMask = 2147483647;
			files = (
				139195AE2AFA29CC00EDA022 /* ContentView.swift in Sources */,
				139195AC2AFA29CC00EDA022 /* nfc_demoApp.swift in Sources */,
				13176D752B3193F70093D806 /* CardInfoView.swift in Sources */,
			);
			runOnlyForDeploymentPostprocessing = 0;
		};
/* End PBXSourcesBuildPhase section */

/* Begin XCBuildConfiguration section */
		139195B42AFA29CD00EDA022 /* Debug */ = {
			isa = XCBuildConfiguration;
			buildSettings = {
				ALWAYS_SEARCH_USER_PATHS = NO;
				ASSETCATALOG_COMPILER_GENERATE_SWIFT_ASSET_SYMBOL_EXTENSIONS = YES;
				CLANG_ANALYZER_NONNULL = YES;
				CLANG_ANALYZER_NUMBER_OBJECT_CONVERSION = YES_AGGRESSIVE;
				CLANG_CXX_LANGUAGE_STANDARD = "gnu++20";
				CLANG_ENABLE_MODULES = YES;
				CLANG_ENABLE_OBJC_ARC = YES;
				CLANG_ENABLE_OBJC_WEAK = YES;
				CLANG_WARN_BLOCK_CAPTURE_AUTORELEASING = YES;
				CLANG_WARN_BOOL_CONVERSION = YES;
				CLANG_WARN_COMMA = YES;
				CLANG_WARN_CONSTANT_CONVERSION = YES;
				CLANG_WARN_DEPRECATED_OBJC_IMPLEMENTATIONS = YES;
				CLANG_WARN_DIRECT_OBJC_ISA_USAGE = YES_ERROR;
				CLANG_WARN_DOCUMENTATION_COMMENTS = YES;
				CLANG_WARN_EMPTY_BODY = YES;
				CLANG_WARN_ENUM_CONVERSION = YES;
				CLANG_WARN_INFINITE_RECURSION = YES;
				CLANG_WARN_INT_CONVERSION = YES;
				CLANG_WARN_NON_LITERAL_NULL_CONVERSION = YES;
				CLANG_WARN_OBJC_IMPLICIT_RETAIN_SELF = YES;
				CLANG_WARN_OBJC_LITERAL_CONVERSION = YES;
				CLANG_WARN_OBJC_ROOT_CLASS = YES_ERROR;
				CLANG_WARN_QUOTED_INCLUDE_IN_FRAMEWORK_HEADER = YES;
				CLANG_WARN_RANGE_LOOP_ANALYSIS = YES;
				CLANG_WARN_STRICT_PROTOTYPES = YES;
				CLANG_WARN_SUSPICIOUS_MOVE = YES;
				CLANG_WARN_UNGUARDED_AVAILABILITY = YES_AGGRESSIVE;
				CLANG_WARN_UNREACHABLE_CODE = YES;
				CLANG_WARN__DUPLICATE_METHOD_MATCH = YES;
				COPY_PHASE_STRIP = NO;
				DEBUG_INFORMATION_FORMAT = dwarf;
				ENABLE_STRICT_OBJC_MSGSEND = YES;
				ENABLE_TESTABILITY = YES;
				ENABLE_USER_SCRIPT_SANDBOXING = YES;
				GCC_C_LANGUAGE_STANDARD = gnu17;
				GCC_DYNAMIC_NO_PIC = NO;
				GCC_NO_COMMON_BLOCKS = YES;
				GCC_OPTIMIZATION_LEVEL = 0;
				GCC_PREPROCESSOR_DEFINITIONS = (
					"DEBUG=1",
					"$(inherited)",
				);
				GCC_WARN_64_TO_32_BIT_CONVERSION = YES;
				GCC_WARN_ABOUT_RETURN_TYPE = YES_ERROR;
				GCC_WARN_UNDECLARED_SELECTOR = YES;
				GCC_WARN_UNINITIALIZED_AUTOS = YES_AGGRESSIVE;
				GCC_WARN_UNUSED_FUNCTION = YES;
				GCC_WARN_UNUSED_VARIABLE = YES;
				IPHONEOS_DEPLOYMENT_TARGET = 17.0;
				LOCALIZATION_PREFERS_STRING_CATALOGS = YES;
				MTL_ENABLE_DEBUG_INFO = INCLUDE_SOURCE;
				MTL_FAST_MATH = YES;
				ONLY_ACTIVE_ARCH = YES;
				SDKROOT = iphoneos;
				SWIFT_ACTIVE_COMPILATION_CONDITIONS = "DEBUG $(inherited)";
				SWIFT_OPTIMIZATION_LEVEL = "-Onone";
			};
			name = Debug;
		};
		139195B52AFA29CD00EDA022 /* Release */ = {
			isa = XCBuildConfiguration;
			buildSettings = {
				ALWAYS_SEARCH_USER_PATHS = NO;
				ASSETCATALOG_COMPILER_GENERATE_SWIFT_ASSET_SYMBOL_EXTENSIONS = YES;
				CLANG_ANALYZER_NONNULL = YES;
				CLANG_ANALYZER_NUMBER_OBJECT_CONVERSION = YES_AGGRESSIVE;
				CLANG_CXX_LANGUAGE_STANDARD = "gnu++20";
				CLANG_ENABLE_MODULES = YES;
				CLANG_ENABLE_OBJC_ARC = YES;
				CLANG_ENABLE_OBJC_WEAK = YES;
				CLANG_WARN_BLOCK_CAPTURE_AUTORELEASING = YES;
				CLANG_WARN_BOOL_CONVERSION = YES;
				CLANG_WARN_COMMA = YES;
				CLANG_WARN_CONSTANT_CONVERSION = YES;
				CLANG_WARN_DEPRECATED_OBJC_IMPLEMENTATIONS = YES;
				CLANG_WARN_DIRECT_OBJC_ISA_USAGE = YES_ERROR;
				CLANG_WARN_DOCUMENTATION_COMMENTS = YES;
				CLANG_WARN_EMPTY_BODY = YES;
				CLANG_WARN_ENUM_CONVERSION = YES;
				CLANG_WARN_INFINITE_RECURSION = YES;
				CLANG_WARN_INT_CONVERSION = YES;
				CLANG_WARN_NON_LITERAL_NULL_CONVERSION = YES;
				CLANG_WARN_OBJC_IMPLICIT_RETAIN_SELF = YES;
				CLANG_WARN_OBJC_LITERAL_CONVERSION = YES;
				CLANG_WARN_OBJC_ROOT_CLASS = YES_ERROR;
				CLANG_WARN_QUOTED_INCLUDE_IN_FRAMEWORK_HEADER = YES;
				CLANG_WARN_RANGE_LOOP_ANALYSIS = YES;
				CLANG_WARN_STRICT_PROTOTYPES = YES;
				CLANG_WARN_SUSPICIOUS_MOVE = YES;
				CLANG_WARN_UNGUARDED_AVAILABILITY = YES_AGGRESSIVE;
				CLANG_WARN_UNREACHABLE_CODE = YES;
				CLANG_WARN__DUPLICATE_METHOD_MATCH = YES;
				COPY_PHASE_STRIP = NO;
				DEBUG_INFORMATION_FORMAT = "dwarf-with-dsym";
				ENABLE_NS_ASSERTIONS = NO;
				ENABLE_STRICT_OBJC_MSGSEND = YES;
				ENABLE_USER_SCRIPT_SANDBOXING = YES;
				GCC_C_LANGUAGE_STANDARD = gnu17;
				GCC_NO_COMMON_BLOCKS = YES;
				GCC_WARN_64_TO_32_BIT_CONVERSION = YES;
				GCC_WARN_ABOUT_RETURN_TYPE = YES_ERROR;
				GCC_WARN_UNDECLARED_SELECTOR = YES;
				GCC_WARN_UNINITIALIZED_AUTOS = YES_AGGRESSIVE;
				GCC_WARN_UNUSED_FUNCTION = YES;
				GCC_WARN_UNUSED_VARIABLE = YES;
				IPHONEOS_DEPLOYMENT_TARGET = 17.0;
				LOCALIZATION_PREFERS_STRING_CATALOGS = YES;
				MTL_ENABLE_DEBUG_INFO = NO;
				MTL_FAST_MATH = YES;
				SDKROOT = iphoneos;
				SWIFT_COMPILATION_MODE = wholemodule;
				VALIDATE_PRODUCT = YES;
			};
			name = Release;
		};
		139195B72AFA29CD00EDA022 /* Debug */ = {
			isa = XCBuildConfiguration;
			buildSettings = {
				ASSETCATALOG_COMPILER_APPICON_NAME = AppIcon;
				ASSETCATALOG_COMPILER_GLOBAL_ACCENT_COLOR_NAME = AccentColor;
				CODE_SIGN_ENTITLEMENTS = "nfc-demo/nfc-demo.entitlements";
				CODE_SIGN_STYLE = Automatic;
				CURRENT_PROJECT_VERSION = 1;
				DEVELOPMENT_ASSET_PATHS = "\"nfc-demo/Preview Content\"";
				DEVELOPMENT_TEAM = 5YYXE2JG54;
				ENABLE_PREVIEWS = YES;
				GENERATE_INFOPLIST_FILE = YES;
				INFOPLIST_FILE = "nfc-demo/Info.plist";
				INFOPLIST_KEY_NFCReaderUsageDescription = "All Your Base Are Belong To Us";
				INFOPLIST_KEY_UIApplicationSceneManifest_Generation = YES;
				INFOPLIST_KEY_UIApplicationSupportsIndirectInputEvents = YES;
				INFOPLIST_KEY_UILaunchScreen_Generation = YES;
				INFOPLIST_KEY_UISupportedInterfaceOrientations_iPad = "UIInterfaceOrientationPortrait UIInterfaceOrientationPortraitUpsideDown UIInterfaceOrientationLandscapeLeft UIInterfaceOrientationLandscapeRight";
				INFOPLIST_KEY_UISupportedInterfaceOrientations_iPhone = "UIInterfaceOrientationPortrait UIInterfaceOrientationLandscapeLeft UIInterfaceOrientationLandscapeRight";
				IPHONEOS_DEPLOYMENT_TARGET = 16.0;
				LD_RUNPATH_SEARCH_PATHS = (
					"$(inherited)",
					"@executable_path/Frameworks",
				);
				MARKETING_VERSION = 1.0;
				PRODUCT_BUNDLE_IDENTIFIER = "ee.eesti.rvt.mvoting.nfc-lib-demo";
				PRODUCT_NAME = "$(TARGET_NAME)";
				SWIFT_EMIT_LOC_STRINGS = YES;
				SWIFT_VERSION = 5.0;
				TARGETED_DEVICE_FAMILY = "1,2";
			};
			name = Debug;
		};
		139195B82AFA29CD00EDA022 /* Release */ = {
			isa = XCBuildConfiguration;
			buildSettings = {
				ASSETCATALOG_COMPILER_APPICON_NAME = AppIcon;
				ASSETCATALOG_COMPILER_GLOBAL_ACCENT_COLOR_NAME = AccentColor;
				CODE_SIGN_ENTITLEMENTS = "nfc-demo/nfc-demo.entitlements";
				CODE_SIGN_STYLE = Automatic;
				CURRENT_PROJECT_VERSION = 1;
				DEVELOPMENT_ASSET_PATHS = "\"nfc-demo/Preview Content\"";
				DEVELOPMENT_TEAM = 5YYXE2JG54;
				ENABLE_PREVIEWS = YES;
				GENERATE_INFOPLIST_FILE = YES;
				INFOPLIST_FILE = "nfc-demo/Info.plist";
				INFOPLIST_KEY_NFCReaderUsageDescription = "All Your Base Are Belong To Us";
				INFOPLIST_KEY_UIApplicationSceneManifest_Generation = YES;
				INFOPLIST_KEY_UIApplicationSupportsIndirectInputEvents = YES;
				INFOPLIST_KEY_UILaunchScreen_Generation = YES;
				INFOPLIST_KEY_UISupportedInterfaceOrientations_iPad = "UIInterfaceOrientationPortrait UIInterfaceOrientationPortraitUpsideDown UIInterfaceOrientationLandscapeLeft UIInterfaceOrientationLandscapeRight";
				INFOPLIST_KEY_UISupportedInterfaceOrientations_iPhone = "UIInterfaceOrientationPortrait UIInterfaceOrientationLandscapeLeft UIInterfaceOrientationLandscapeRight";
				IPHONEOS_DEPLOYMENT_TARGET = 16.0;
				LD_RUNPATH_SEARCH_PATHS = (
					"$(inherited)",
					"@executable_path/Frameworks",
				);
				MARKETING_VERSION = 1.0;
				PRODUCT_BUNDLE_IDENTIFIER = "ee.eesti.rvt.mvoting.nfc-lib-demo";
				PRODUCT_NAME = "$(TARGET_NAME)";
				SWIFT_EMIT_LOC_STRINGS = YES;
				SWIFT_VERSION = 5.0;
				TARGETED_DEVICE_FAMILY = "1,2";
			};
			name = Release;
		};
/* End XCBuildConfiguration section */

/* Begin XCConfigurationList section */
		139195A32AFA29CC00EDA022 /* Build configuration list for PBXProject "nfc-demo" */ = {
			isa = XCConfigurationList;
			buildConfigurations = (
				139195B42AFA29CD00EDA022 /* Debug */,
				139195B52AFA29CD00EDA022 /* Release */,
			);
			defaultConfigurationIsVisible = 0;
			defaultConfigurationName = Release;
		};
		139195B62AFA29CD00EDA022 /* Build configuration list for PBXNativeTarget "nfc-demo" */ = {
			isa = XCConfigurationList;
			buildConfigurations = (
				139195B72AFA29CD00EDA022 /* Debug */,
				139195B82AFA29CD00EDA022 /* Release */,
			);
			defaultConfigurationIsVisible = 0;
			defaultConfigurationName = Release;
		};
/* End XCConfigurationList section */
	};
	rootObject = 139195A02AFA29CC00EDA022 /* Project object */;
}
