// !$*UTF8*$!
{
	archiveVersion = 1;
	classes = {
	};
	objectVersion = 56;
	objects = {

/* Begin PBXBuildFile section */
		1319EBC72B330D1500F69C0E /* Logging.swift in Sources */ = {isa = PBXBuildFile; fileRef = 1319EBC62B330D1500F69C0E /* Logging.swift */; };
		1319EBC92B330D8E00F69C0E /* Digest+Extensions.swift in Sources */ = {isa = PBXBuildFile; fileRef = 1319EBC82B330D8E00F69C0E /* Digest+Extensions.swift */; };
		1319EBCB2B33209400F69C0E /* NFCConnection.swift in Sources */ = {isa = PBXBuildFile; fileRef = 1319EBCA2B33209400F69C0E /* NFCConnection.swift */; };
		133C3AC22B4D95A9006F9DBD /* SwiftECC in Frameworks */ = {isa = PBXBuildFile; productRef = 133C3AC12B4D95A9006F9DBD /* SwiftECC */; settings = {ATTRIBUTES = (Required, ); }; };
		1372864F2B15AC260025D06F /* NFCIdCard.swift in Sources */ = {isa = PBXBuildFile; fileRef = 1372864E2B15AC260025D06F /* NFCIdCard.swift */; };
		137957B82B0329890065716E /* nfclib.h in Headers */ = {isa = PBXBuildFile; fileRef = 137957B72B0329890065716E /* nfclib.h */; settings = {ATTRIBUTES = (Public, ); }; };
		137A26112B32ADF2007503EE /* Data+Extensions.swift in Sources */ = {isa = PBXBuildFile; fileRef = 137A26102B32ADF2007503EE /* Data+Extensions.swift */; };
		139965AB2B182C6F00D632C8 /* DataProtocol+Extension.swift in Sources */ = {isa = PBXBuildFile; fileRef = 139965AA2B182C6F00D632C8 /* DataProtocol+Extension.swift */; };
		139965AD2B182C9F00D632C8 /* ECpublicKey+Extensions.swift in Sources */ = {isa = PBXBuildFile; fileRef = 139965AC2B182C9F00D632C8 /* ECpublicKey+Extensions.swift */; };
		139965AF2B182EA900D632C8 /* NFCISO7816Tag+Extensions.swift in Sources */ = {isa = PBXBuildFile; fileRef = 139965AE2B182EA900D632C8 /* NFCISO7816Tag+Extensions.swift */; };
		139965B12B182EF700D632C8 /* TKBERTLVRecord+Extensions.swift in Sources */ = {isa = PBXBuildFile; fileRef = 139965B02B182EF700D632C8 /* TKBERTLVRecord+Extensions.swift */; };
		139965B32B182F4E00D632C8 /* AES.swift in Sources */ = {isa = PBXBuildFile; fileRef = 139965B22B182F4E00D632C8 /* AES.swift */; };
		139965B82B18348000D632C8 /* Operator.swift in Sources */ = {isa = PBXBuildFile; fileRef = 139965B72B18348000D632C8 /* Operator.swift */; };
		139965BA2B18351400D632C8 /* OperationReadPublicData.swift in Sources */ = {isa = PBXBuildFile; fileRef = 139965B92B18351400D632C8 /* OperationReadPublicData.swift */; };
		139965BC2B18360D00D632C8 /* OperationAuthenticate.swift in Sources */ = {isa = PBXBuildFile; fileRef = 139965BB2B18360D00D632C8 /* OperationAuthenticate.swift */; };
		139965BE2B18365F00D632C8 /* Utilities.swift in Sources */ = {isa = PBXBuildFile; fileRef = 139965BD2B18365F00D632C8 /* Utilities.swift */; };
		13B8B8532B1D0D5D0017AA26 /* OperationSignHash.swift in Sources */ = {isa = PBXBuildFile; fileRef = 13B8B8522B1D0D5D0017AA26 /* OperationSignHash.swift */; };
		13B950452B6A6715002580B2 /* CardOperations.swift in Sources */ = {isa = PBXBuildFile; fileRef = 13B950442B6A6715002580B2 /* CardOperations.swift */; };
		5A2CA6642B2C53AD00A0EA34 /* WebEidData.swift in Sources */ = {isa = PBXBuildFile; fileRef = 5A2CA6632B2C53AD00A0EA34 /* WebEidData.swift */; };
		5A430F392B87731800C8784A /* OperationReadPinRetryCount.swift in Sources */ = {isa = PBXBuildFile; fileRef = 5A430F382B87731800C8784A /* OperationReadPinRetryCount.swift */; };
		5A61B2882B288C3100694DA5 /* OperationAuthenticateWithWebEID.swift in Sources */ = {isa = PBXBuildFile; fileRef = 5A61B2872B288C3100694DA5 /* OperationAuthenticateWithWebEID.swift */; };
		5A61B28C2B2895ED00694DA5 /* WebEIDHash.swift in Sources */ = {isa = PBXBuildFile; fileRef = 5A61B28B2B2895ED00694DA5 /* WebEIDHash.swift */; };
		5AD523BC2B2214B10033B88A /* OperationReadCertificate.swift in Sources */ = {isa = PBXBuildFile; fileRef = 5AD523BB2B2214B10033B88A /* OperationReadCertificate.swift */; };
/* End PBXBuildFile section */

/* Begin PBXFileReference section */
		1319EBC62B330D1500F69C0E /* Logging.swift */ = {isa = PBXFileReference; lastKnownFileType = sourcecode.swift; path = Logging.swift; sourceTree = "<group>"; };
		1319EBC82B330D8E00F69C0E /* Digest+Extensions.swift */ = {isa = PBXFileReference; lastKnownFileType = sourcecode.swift; path = "Digest+Extensions.swift"; sourceTree = "<group>"; };
		1319EBCA2B33209400F69C0E /* NFCConnection.swift */ = {isa = PBXFileReference; lastKnownFileType = sourcecode.swift; path = NFCConnection.swift; sourceTree = "<group>"; };
		1372864E2B15AC260025D06F /* NFCIdCard.swift */ = {isa = PBXFileReference; lastKnownFileType = sourcecode.swift; path = NFCIdCard.swift; sourceTree = "<group>"; };
		137957B42B0329890065716E /* nfclib.framework */ = {isa = PBXFileReference; explicitFileType = wrapper.framework; includeInIndex = 0; path = nfclib.framework; sourceTree = BUILT_PRODUCTS_DIR; };
		137957B72B0329890065716E /* nfclib.h */ = {isa = PBXFileReference; lastKnownFileType = sourcecode.c.h; path = nfclib.h; sourceTree = "<group>"; };
		137A26102B32ADF2007503EE /* Data+Extensions.swift */ = {isa = PBXFileReference; lastKnownFileType = sourcecode.swift; path = "Data+Extensions.swift"; sourceTree = "<group>"; };
		139965AA2B182C6F00D632C8 /* DataProtocol+Extension.swift */ = {isa = PBXFileReference; lastKnownFileType = sourcecode.swift; path = "DataProtocol+Extension.swift"; sourceTree = "<group>"; };
		139965AC2B182C9F00D632C8 /* ECpublicKey+Extensions.swift */ = {isa = PBXFileReference; lastKnownFileType = sourcecode.swift; path = "ECpublicKey+Extensions.swift"; sourceTree = "<group>"; };
		139965AE2B182EA900D632C8 /* NFCISO7816Tag+Extensions.swift */ = {isa = PBXFileReference; lastKnownFileType = sourcecode.swift; path = "NFCISO7816Tag+Extensions.swift"; sourceTree = "<group>"; };
		139965B02B182EF700D632C8 /* TKBERTLVRecord+Extensions.swift */ = {isa = PBXFileReference; lastKnownFileType = sourcecode.swift; path = "TKBERTLVRecord+Extensions.swift"; sourceTree = "<group>"; };
		139965B22B182F4E00D632C8 /* AES.swift */ = {isa = PBXFileReference; lastKnownFileType = sourcecode.swift; path = AES.swift; sourceTree = "<group>"; };
		139965B72B18348000D632C8 /* Operator.swift */ = {isa = PBXFileReference; lastKnownFileType = sourcecode.swift; path = Operator.swift; sourceTree = "<group>"; };
		139965B92B18351400D632C8 /* OperationReadPublicData.swift */ = {isa = PBXFileReference; lastKnownFileType = sourcecode.swift; path = OperationReadPublicData.swift; sourceTree = "<group>"; };
		139965BB2B18360D00D632C8 /* OperationAuthenticate.swift */ = {isa = PBXFileReference; lastKnownFileType = sourcecode.swift; path = OperationAuthenticate.swift; sourceTree = "<group>"; };
		139965BD2B18365F00D632C8 /* Utilities.swift */ = {isa = PBXFileReference; lastKnownFileType = sourcecode.swift; path = Utilities.swift; sourceTree = "<group>"; };
		13B8B8522B1D0D5D0017AA26 /* OperationSignHash.swift */ = {isa = PBXFileReference; lastKnownFileType = sourcecode.swift; path = OperationSignHash.swift; sourceTree = "<group>"; };
		13B950442B6A6715002580B2 /* CardOperations.swift */ = {isa = PBXFileReference; lastKnownFileType = sourcecode.swift; path = CardOperations.swift; sourceTree = "<group>"; };
		5A2CA6632B2C53AD00A0EA34 /* WebEidData.swift */ = {isa = PBXFileReference; lastKnownFileType = sourcecode.swift; path = WebEidData.swift; sourceTree = "<group>"; };
		5A430F382B87731800C8784A /* OperationReadPinRetryCount.swift */ = {isa = PBXFileReference; fileEncoding = 4; lastKnownFileType = sourcecode.swift; path = OperationReadPinRetryCount.swift; sourceTree = "<group>"; };
		5A61B2872B288C3100694DA5 /* OperationAuthenticateWithWebEID.swift */ = {isa = PBXFileReference; lastKnownFileType = sourcecode.swift; path = OperationAuthenticateWithWebEID.swift; sourceTree = "<group>"; };
		5A61B28B2B2895ED00694DA5 /* WebEIDHash.swift */ = {isa = PBXFileReference; lastKnownFileType = sourcecode.swift; path = WebEIDHash.swift; sourceTree = "<group>"; };
		5AD523BB2B2214B10033B88A /* OperationReadCertificate.swift */ = {isa = PBXFileReference; lastKnownFileType = sourcecode.swift; path = OperationReadCertificate.swift; sourceTree = "<group>"; };
/* End PBXFileReference section */

/* Begin PBXFrameworksBuildPhase section */
		137957B12B0329890065716E /* Frameworks */ = {
			isa = PBXFrameworksBuildPhase;
			buildActionMask = 2147483647;
			files = (
				133C3AC22B4D95A9006F9DBD /* SwiftECC in Frameworks */,
			);
			runOnlyForDeploymentPostprocessing = 0;
		};
/* End PBXFrameworksBuildPhase section */

/* Begin PBXGroup section */
		1319EBC12B330AB000F69C0E /* Operations */ = {
			isa = PBXGroup;
			children = (
				5A430F382B87731800C8784A /* OperationReadPinRetryCount.swift */,
				1319EBCA2B33209400F69C0E /* NFCConnection.swift */,
				5AD523BB2B2214B10033B88A /* OperationReadCertificate.swift */,
				139965B92B18351400D632C8 /* OperationReadPublicData.swift */,
				13B8B8522B1D0D5D0017AA26 /* OperationSignHash.swift */,
				139965BB2B18360D00D632C8 /* OperationAuthenticate.swift */,
			);
			path = Operations;
			sourceTree = "<group>";
		};
		137957AA2B0329890065716E = {
			isa = PBXGroup;
			children = (
				137957B62B0329890065716E /* nfclib */,
				137957B52B0329890065716E /* Products */,
				5A9969822B03B56B002A1060 /* Frameworks */,
			);
			sourceTree = "<group>";
		};
		137957B52B0329890065716E /* Products */ = {
			isa = PBXGroup;
			children = (
				137957B42B0329890065716E /* nfclib.framework */,
			);
			name = Products;
			sourceTree = "<group>";
		};
		137957B62B0329890065716E /* nfclib */ = {
			isa = PBXGroup;
			children = (
				1319EBC12B330AB000F69C0E /* Operations */,
				5A61B2862B285B8500694DA5 /* WebEID */,
				137957B72B0329890065716E /* nfclib.h */,
				139965B72B18348000D632C8 /* Operator.swift */,
				13B950442B6A6715002580B2 /* CardOperations.swift */,
				1372864E2B15AC260025D06F /* NFCIdCard.swift */,
				139965B52B182FAA00D632C8 /* Utilities */,
				139965B42B182F9D00D632C8 /* Extensions */,
			);
			path = nfclib;
			sourceTree = "<group>";
		};
		139965B42B182F9D00D632C8 /* Extensions */ = {
			isa = PBXGroup;
			children = (
				139965AE2B182EA900D632C8 /* NFCISO7816Tag+Extensions.swift */,
				139965B02B182EF700D632C8 /* TKBERTLVRecord+Extensions.swift */,
				139965AC2B182C9F00D632C8 /* ECpublicKey+Extensions.swift */,
				139965AA2B182C6F00D632C8 /* DataProtocol+Extension.swift */,
				137A26102B32ADF2007503EE /* Data+Extensions.swift */,
			);
			path = Extensions;
			sourceTree = "<group>";
		};
		139965B52B182FAA00D632C8 /* Utilities */ = {
			isa = PBXGroup;
			children = (
				139965B22B182F4E00D632C8 /* AES.swift */,
				1319EBC82B330D8E00F69C0E /* Digest+Extensions.swift */,
				1319EBC62B330D1500F69C0E /* Logging.swift */,
				139965BD2B18365F00D632C8 /* Utilities.swift */,
			);
			path = Utilities;
			sourceTree = "<group>";
		};
		5A61B2862B285B8500694DA5 /* WebEID */ = {
			isa = PBXGroup;
			children = (
				5A61B2872B288C3100694DA5 /* OperationAuthenticateWithWebEID.swift */,
				5A61B28B2B2895ED00694DA5 /* WebEIDHash.swift */,
				5A2CA6632B2C53AD00A0EA34 /* WebEidData.swift */,
			);
			path = WebEID;
			sourceTree = "<group>";
		};
		5A9969822B03B56B002A1060 /* Frameworks */ = {
			isa = PBXGroup;
			children = (
			);
			name = Frameworks;
			sourceTree = "<group>";
		};
/* End PBXGroup section */

/* Begin PBXHeadersBuildPhase section */
		137957AF2B0329890065716E /* Headers */ = {
			isa = PBXHeadersBuildPhase;
			buildActionMask = 2147483647;
			files = (
				137957B82B0329890065716E /* nfclib.h in Headers */,
			);
			runOnlyForDeploymentPostprocessing = 0;
		};
/* End PBXHeadersBuildPhase section */

/* Begin PBXNativeTarget section */
		137957B32B0329890065716E /* nfclib */ = {
			isa = PBXNativeTarget;
			buildConfigurationList = 137957BB2B0329890065716E /* Build configuration list for PBXNativeTarget "nfclib" */;
			buildPhases = (
				137957AF2B0329890065716E /* Headers */,
				137957B02B0329890065716E /* Sources */,
				137957B12B0329890065716E /* Frameworks */,
				137957B22B0329890065716E /* Resources */,
			);
			buildRules = (
			);
			dependencies = (
			);
			name = nfclib;
			packageProductDependencies = (
				133C3AC12B4D95A9006F9DBD /* SwiftECC */,
			);
			productName = "nfc-lib";
			productReference = 137957B42B0329890065716E /* nfclib.framework */;
			productType = "com.apple.product-type.framework";
		};
/* End PBXNativeTarget section */

/* Begin PBXProject section */
		137957AB2B0329890065716E /* Project object */ = {
			isa = PBXProject;
			attributes = {
				BuildIndependentTargetsInParallel = 1;
				LastUpgradeCheck = 1500;
				TargetAttributes = {
					137957B32B0329890065716E = {
						CreatedOnToolsVersion = 15.0.1;
						LastSwiftMigration = 1500;
					};
				};
			};
			buildConfigurationList = 137957AE2B0329890065716E /* Build configuration list for PBXProject "nfclib" */;
			compatibilityVersion = "Xcode 14.0";
			developmentRegion = en;
			hasScannedForEncodings = 0;
			knownRegions = (
				en,
				Base,
			);
			mainGroup = 137957AA2B0329890065716E;
			packageReferences = (
				133C3AC02B4D95A9006F9DBD /* XCRemoteSwiftPackageReference "SwiftECC" */,
			);
			productRefGroup = 137957B52B0329890065716E /* Products */;
			projectDirPath = "";
			projectRoot = "";
			targets = (
				137957B32B0329890065716E /* nfclib */,
			);
		};
/* End PBXProject section */

/* Begin PBXResourcesBuildPhase section */
		137957B22B0329890065716E /* Resources */ = {
			isa = PBXResourcesBuildPhase;
			buildActionMask = 2147483647;
			files = (
			);
			runOnlyForDeploymentPostprocessing = 0;
		};
/* End PBXResourcesBuildPhase section */

/* Begin PBXSourcesBuildPhase section */
		137957B02B0329890065716E /* Sources */ = {
			isa = PBXSourcesBuildPhase;
			buildActionMask = 2147483647;
			files = (
				13B8B8532B1D0D5D0017AA26 /* OperationSignHash.swift in Sources */,
				1372864F2B15AC260025D06F /* NFCIdCard.swift in Sources */,
				5A2CA6642B2C53AD00A0EA34 /* WebEidData.swift in Sources */,
				139965BE2B18365F00D632C8 /* Utilities.swift in Sources */,
				1319EBC72B330D1500F69C0E /* Logging.swift in Sources */,
				5A61B2882B288C3100694DA5 /* OperationAuthenticateWithWebEID.swift in Sources */,
				139965BC2B18360D00D632C8 /* OperationAuthenticate.swift in Sources */,
				139965B12B182EF700D632C8 /* TKBERTLVRecord+Extensions.swift in Sources */,
				5AD523BC2B2214B10033B88A /* OperationReadCertificate.swift in Sources */,
				139965AD2B182C9F00D632C8 /* ECpublicKey+Extensions.swift in Sources */,
				139965AF2B182EA900D632C8 /* NFCISO7816Tag+Extensions.swift in Sources */,
				1319EBCB2B33209400F69C0E /* NFCConnection.swift in Sources */,
				139965B82B18348000D632C8 /* Operator.swift in Sources */,
				139965B32B182F4E00D632C8 /* AES.swift in Sources */,
				137A26112B32ADF2007503EE /* Data+Extensions.swift in Sources */,
				5A61B28C2B2895ED00694DA5 /* WebEIDHash.swift in Sources */,
				1319EBC92B330D8E00F69C0E /* Digest+Extensions.swift in Sources */,
				13B950452B6A6715002580B2 /* CardOperations.swift in Sources */,
				139965BA2B18351400D632C8 /* OperationReadPublicData.swift in Sources */,
				139965AB2B182C6F00D632C8 /* DataProtocol+Extension.swift in Sources */,
				5A430F392B87731800C8784A /* OperationReadPinRetryCount.swift in Sources */,
			);
			runOnlyForDeploymentPostprocessing = 0;
		};
/* End PBXSourcesBuildPhase section */

/* Begin XCBuildConfiguration section */
		137957B92B0329890065716E /* Debug */ = {
			isa = XCBuildConfiguration;
			buildSettings = {
				ALWAYS_SEARCH_USER_PATHS = NO;
				ASSETCATALOG_COMPILER_GENERATE_SWIFT_ASSET_SYMBOL_EXTENSIONS = YES;
				CLANG_ANALYZER_NONNULL = YES;
				CLANG_ANALYZER_NUMBER_OBJECT_CONVERSION = YES_AGGRESSIVE;
				CLANG_CXX_LANGUAGE_STANDARD = "gnu++20";
				CLANG_ENABLE_MODULES = YES;
				CLANG_ENABLE_OBJC_ARC = YES;
				CLANG_ENABLE_OBJC_WEAK = YES;
				CLANG_WARN_BLOCK_CAPTURE_AUTORELEASING = YES;
				CLANG_WARN_BOOL_CONVERSION = YES;
				CLANG_WARN_COMMA = YES;
				CLANG_WARN_CONSTANT_CONVERSION = YES;
				CLANG_WARN_DEPRECATED_OBJC_IMPLEMENTATIONS = YES;
				CLANG_WARN_DIRECT_OBJC_ISA_USAGE = YES_ERROR;
				CLANG_WARN_DOCUMENTATION_COMMENTS = YES;
				CLANG_WARN_EMPTY_BODY = YES;
				CLANG_WARN_ENUM_CONVERSION = YES;
				CLANG_WARN_INFINITE_RECURSION = YES;
				CLANG_WARN_INT_CONVERSION = YES;
				CLANG_WARN_NON_LITERAL_NULL_CONVERSION = YES;
				CLANG_WARN_OBJC_IMPLICIT_RETAIN_SELF = YES;
				CLANG_WARN_OBJC_LITERAL_CONVERSION = YES;
				CLANG_WARN_OBJC_ROOT_CLASS = YES_ERROR;
				CLANG_WARN_QUOTED_INCLUDE_IN_FRAMEWORK_HEADER = YES;
				CLANG_WARN_RANGE_LOOP_ANALYSIS = YES;
				CLANG_WARN_STRICT_PROTOTYPES = YES;
				CLANG_WARN_SUSPICIOUS_MOVE = YES;
				CLANG_WARN_UNGUARDED_AVAILABILITY = YES_AGGRESSIVE;
				CLANG_WARN_UNREACHABLE_CODE = YES;
				CLANG_WARN__DUPLICATE_METHOD_MATCH = YES;
				COPY_PHASE_STRIP = NO;
				CURRENT_PROJECT_VERSION = 1;
				DEBUG_INFORMATION_FORMAT = dwarf;
				ENABLE_STRICT_OBJC_MSGSEND = YES;
				ENABLE_TESTABILITY = YES;
				ENABLE_USER_SCRIPT_SANDBOXING = YES;
				GCC_C_LANGUAGE_STANDARD = gnu17;
				GCC_DYNAMIC_NO_PIC = NO;
				GCC_NO_COMMON_BLOCKS = YES;
				GCC_OPTIMIZATION_LEVEL = 0;
				GCC_PREPROCESSOR_DEFINITIONS = (
					"DEBUG=1",
					"$(inherited)",
				);
				GCC_WARN_64_TO_32_BIT_CONVERSION = YES;
				GCC_WARN_ABOUT_RETURN_TYPE = YES_ERROR;
				GCC_WARN_UNDECLARED_SELECTOR = YES;
				GCC_WARN_UNINITIALIZED_AUTOS = YES_AGGRESSIVE;
				GCC_WARN_UNUSED_FUNCTION = YES;
				GCC_WARN_UNUSED_VARIABLE = YES;
				IPHONEOS_DEPLOYMENT_TARGET = 17.0;
				LOCALIZATION_PREFERS_STRING_CATALOGS = YES;
				MTL_ENABLE_DEBUG_INFO = INCLUDE_SOURCE;
				MTL_FAST_MATH = YES;
				ONLY_ACTIVE_ARCH = YES;
				SDKROOT = iphoneos;
				SWIFT_ACTIVE_COMPILATION_CONDITIONS = "DEBUG $(inherited)";
				SWIFT_OPTIMIZATION_LEVEL = "-Onone";
				VERSIONING_SYSTEM = "apple-generic";
				VERSION_INFO_PREFIX = "";
			};
			name = Debug;
		};
		137957BA2B0329890065716E /* Release */ = {
			isa = XCBuildConfiguration;
			buildSettings = {
				ALWAYS_SEARCH_USER_PATHS = NO;
				ASSETCATALOG_COMPILER_GENERATE_SWIFT_ASSET_SYMBOL_EXTENSIONS = YES;
				CLANG_ANALYZER_NONNULL = YES;
				CLANG_ANALYZER_NUMBER_OBJECT_CONVERSION = YES_AGGRESSIVE;
				CLANG_CXX_LANGUAGE_STANDARD = "gnu++20";
				CLANG_ENABLE_MODULES = YES;
				CLANG_ENABLE_OBJC_ARC = YES;
				CLANG_ENABLE_OBJC_WEAK = YES;
				CLANG_WARN_BLOCK_CAPTURE_AUTORELEASING = YES;
				CLANG_WARN_BOOL_CONVERSION = YES;
				CLANG_WARN_COMMA = YES;
				CLANG_WARN_CONSTANT_CONVERSION = YES;
				CLANG_WARN_DEPRECATED_OBJC_IMPLEMENTATIONS = YES;
				CLANG_WARN_DIRECT_OBJC_ISA_USAGE = YES_ERROR;
				CLANG_WARN_DOCUMENTATION_COMMENTS = YES;
				CLANG_WARN_EMPTY_BODY = YES;
				CLANG_WARN_ENUM_CONVERSION = YES;
				CLANG_WARN_INFINITE_RECURSION = YES;
				CLANG_WARN_INT_CONVERSION = YES;
				CLANG_WARN_NON_LITERAL_NULL_CONVERSION = YES;
				CLANG_WARN_OBJC_IMPLICIT_RETAIN_SELF = YES;
				CLANG_WARN_OBJC_LITERAL_CONVERSION = YES;
				CLANG_WARN_OBJC_ROOT_CLASS = YES_ERROR;
				CLANG_WARN_QUOTED_INCLUDE_IN_FRAMEWORK_HEADER = YES;
				CLANG_WARN_RANGE_LOOP_ANALYSIS = YES;
				CLANG_WARN_STRICT_PROTOTYPES = YES;
				CLANG_WARN_SUSPICIOUS_MOVE = YES;
				CLANG_WARN_UNGUARDED_AVAILABILITY = YES_AGGRESSIVE;
				CLANG_WARN_UNREACHABLE_CODE = YES;
				CLANG_WARN__DUPLICATE_METHOD_MATCH = YES;
				COPY_PHASE_STRIP = NO;
				CURRENT_PROJECT_VERSION = 1;
				DEBUG_INFORMATION_FORMAT = "dwarf-with-dsym";
				ENABLE_NS_ASSERTIONS = NO;
				ENABLE_STRICT_OBJC_MSGSEND = YES;
				ENABLE_USER_SCRIPT_SANDBOXING = YES;
				GCC_C_LANGUAGE_STANDARD = gnu17;
				GCC_NO_COMMON_BLOCKS = YES;
				GCC_WARN_64_TO_32_BIT_CONVERSION = YES;
				GCC_WARN_ABOUT_RETURN_TYPE = YES_ERROR;
				GCC_WARN_UNDECLARED_SELECTOR = YES;
				GCC_WARN_UNINITIALIZED_AUTOS = YES_AGGRESSIVE;
				GCC_WARN_UNUSED_FUNCTION = YES;
				GCC_WARN_UNUSED_VARIABLE = YES;
				IPHONEOS_DEPLOYMENT_TARGET = 17.0;
				LOCALIZATION_PREFERS_STRING_CATALOGS = YES;
				MTL_ENABLE_DEBUG_INFO = NO;
				MTL_FAST_MATH = YES;
				SDKROOT = iphoneos;
				SWIFT_COMPILATION_MODE = wholemodule;
				VALIDATE_PRODUCT = YES;
				VERSIONING_SYSTEM = "apple-generic";
				VERSION_INFO_PREFIX = "";
			};
			name = Release;
		};
		137957BC2B0329890065716E /* Debug */ = {
			isa = XCBuildConfiguration;
			buildSettings = {
				CLANG_ENABLE_MODULES = YES;
				CODE_SIGN_IDENTITY = "Apple Development";
				CODE_SIGN_STYLE = Automatic;
				CURRENT_PROJECT_VERSION = 1;
				DEFINES_MODULE = YES;
				DEVELOPMENT_TEAM = 5YYXE2JG54;
				DYLIB_COMPATIBILITY_VERSION = 1;
				DYLIB_CURRENT_VERSION = 1;
				DYLIB_INSTALL_NAME_BASE = "@rpath";
				ENABLE_MODULE_VERIFIER = YES;
				GENERATE_INFOPLIST_FILE = YES;
				INFOPLIST_KEY_NSHumanReadableCopyright = "";
				INSTALL_PATH = "$(LOCAL_LIBRARY_DIR)/Frameworks";
				IPHONEOS_DEPLOYMENT_TARGET = 16.0;
				LD_RUNPATH_SEARCH_PATHS = (
					"$(inherited)",
					"@executable_path/Frameworks",
					"@loader_path/Frameworks",
				);
				MARKETING_VERSION = 1.0;
				MODULE_VERIFIER_SUPPORTED_LANGUAGES = "objective-c objective-c++";
				MODULE_VERIFIER_SUPPORTED_LANGUAGE_STANDARDS = "gnu17 gnu++20";
				PRODUCT_BUNDLE_IDENTIFIER = "ee.eesti.rvt.mvoting.nfc-lib";
				PRODUCT_NAME = "$(TARGET_NAME:c99extidentifier)";
				PROVISIONING_PROFILE_SPECIFIER = "";
				SKIP_INSTALL = YES;
				SWIFT_EMIT_LOC_STRINGS = YES;
				SWIFT_OPTIMIZATION_LEVEL = "-Onone";
				SWIFT_VERSION = 5.0;
				TARGETED_DEVICE_FAMILY = "1,2";
			};
			name = Debug;
		};
		137957BD2B0329890065716E /* Release */ = {
			isa = XCBuildConfiguration;
			buildSettings = {
				CLANG_ENABLE_MODULES = YES;
				CODE_SIGN_IDENTITY = "Apple Development";
				CODE_SIGN_STYLE = Automatic;
				CURRENT_PROJECT_VERSION = 1;
				DEFINES_MODULE = YES;
				DEVELOPMENT_TEAM = 5YYXE2JG54;
				DYLIB_COMPATIBILITY_VERSION = 1;
				DYLIB_CURRENT_VERSION = 1;
				DYLIB_INSTALL_NAME_BASE = "@rpath";
				ENABLE_MODULE_VERIFIER = YES;
				GENERATE_INFOPLIST_FILE = YES;
				INFOPLIST_KEY_NSHumanReadableCopyright = "";
				INSTALL_PATH = "$(LOCAL_LIBRARY_DIR)/Frameworks";
				IPHONEOS_DEPLOYMENT_TARGET = 16.0;
				LD_RUNPATH_SEARCH_PATHS = (
					"$(inherited)",
					"@executable_path/Frameworks",
					"@loader_path/Frameworks",
				);
				MARKETING_VERSION = 1.0;
				MODULE_VERIFIER_SUPPORTED_LANGUAGES = "objective-c objective-c++";
				MODULE_VERIFIER_SUPPORTED_LANGUAGE_STANDARDS = "gnu17 gnu++20";
				PRODUCT_BUNDLE_IDENTIFIER = "ee.eesti.rvt.mvoting.nfc-lib";
				PRODUCT_NAME = "$(TARGET_NAME:c99extidentifier)";
				PROVISIONING_PROFILE_SPECIFIER = "";
				SKIP_INSTALL = YES;
				SWIFT_EMIT_LOC_STRINGS = YES;
				SWIFT_VERSION = 5.0;
				TARGETED_DEVICE_FAMILY = "1,2";
			};
			name = Release;
		};
/* End XCBuildConfiguration section */

/* Begin XCConfigurationList section */
		137957AE2B0329890065716E /* Build configuration list for PBXProject "nfclib" */ = {
			isa = XCConfigurationList;
			buildConfigurations = (
				137957B92B0329890065716E /* Debug */,
				137957BA2B0329890065716E /* Release */,
			);
			defaultConfigurationIsVisible = 0;
			defaultConfigurationName = Release;
		};
		137957BB2B0329890065716E /* Build configuration list for PBXNativeTarget "nfclib" */ = {
			isa = XCConfigurationList;
			buildConfigurations = (
				137957BC2B0329890065716E /* Debug */,
				137957BD2B0329890065716E /* Release */,
			);
			defaultConfigurationIsVisible = 0;
			defaultConfigurationName = Release;
		};
/* End XCConfigurationList section */

/* Begin XCRemoteSwiftPackageReference section */
		133C3AC02B4D95A9006F9DBD /* XCRemoteSwiftPackageReference "SwiftECC" */ = {
			isa = XCRemoteSwiftPackageReference;
			repositoryURL = "https://github.com/leif-ibsen/SwiftECC";
			requirement = {
				kind = upToNextMajorVersion;
				minimumVersion = 5.1.0;
			};
		};
/* End XCRemoteSwiftPackageReference section */

/* Begin XCSwiftPackageProductDependency section */
		133C3AC12B4D95A9006F9DBD /* SwiftECC */ = {
			isa = XCSwiftPackageProductDependency;
			package = 133C3AC02B4D95A9006F9DBD /* XCRemoteSwiftPackageReference "SwiftECC" */;
			productName = SwiftECC;
		};
/* End XCSwiftPackageProductDependency section */
	};
	rootObject = 137957AB2B0329890065716E /* Project object */;
}
