{
  "pins" : [
    {
      "identity" : "asn1",
      "kind" : "remoteSourceControl",
      "location" : "https://github.com/leif-ibsen/ASN1",
      "state" : {
        "revision" : "5bb6eca2e4b250995f189c3d04ec53b6cd8257c5",
        "version" : "2.2.0"
      }
    },
    {
      "identity" : "bigint",
      "kind" : "remoteSourceControl",
      "location" : "https://github.com/leif-ibsen/BigInt",
      "state" : {
        "revision" : "3fe07ec38afa732e86d4f3e867cb43b05d004941",
        "version" : "1.14.0"
      }
    },
    {
      "identity" : "digest",
      "kind" : "remoteSourceControl",
      "location" : "https://github.com/leif-ibsen/Digest",
      "state" : {
        "revision" : "fd501645c5f14c17207c4ada4281a1e6b7cb03df",
        "version" : "1.1.0"
      }
    },
    {
      "identity" : "swiftecc",
      "kind" : "remoteSourceControl",
      "location" : "https://github.com/leif-ibsen/SwiftECC",
      "state" : {
        "revision" : "18c0e462882d0a4fa910472a0a6cc13ef97bbc21",
        "version" : "5.0.0"
      }
    }
  ],
  "version" : 2
}
