{
  "pins" : [
    {
      "identity" : "asn1",
      "kind" : "remoteSourceControl",
      "location" : "https://github.com/leif-ibsen/ASN1",
      "state" : {
        "revision" : "5bb6eca2e4b250995f189c3d04ec53b6cd8257c5",
        "version" : "2.2.0"
      }
    },
    {
      "identity" : "bigint",
      "kind" : "remoteSourceControl",
      "location" : "https://github.com/leif-ibsen/BigInt",
      "state" : {
        "revision" : "3fe07ec38afa732e86d4f3e867cb43b05d004941",
        "version" : "1.14.0"
      }
    },
    {
      "identity" : "swiftecc",
      "kind" : "remoteSourceControl",
      "location" : "https://github.com/leif-ibsen/SwiftECC",
      "state" : {
        "revision" : "d3f467af127f4e5f1221f73f27a00f0fca240426",
        "version" : "4.0.0"
      }
    }
  ],
  "version" : 2
}
